// !$*UTF8*$!
{
	archiveVersion = 1;
	classes = {
	};
	objectVersion = 46;
	objects = {

/* Begin PBXBuildFile section */
		F801E41E1D55B3FE004ED6D2 /* AppDelegate.swift in Sources */ = {isa = PBXBuildFile; fileRef = F801E41D1D55B3FE004ED6D2 /* AppDelegate.swift */; };
		F801E4201D55B3FE004ED6D2 /* ViewController.swift in Sources */ = {isa = PBXBuildFile; fileRef = F801E41F1D55B3FE004ED6D2 /* ViewController.swift */; };
		F801E4231D55B3FE004ED6D2 /* Main.storyboard in Resources */ = {isa = PBXBuildFile; fileRef = F801E4211D55B3FE004ED6D2 /* Main.storyboard */; };
		F801E4251D55B3FE004ED6D2 /* Assets.xcassets in Resources */ = {isa = PBXBuildFile; fileRef = F801E4241D55B3FE004ED6D2 /* Assets.xcassets */; };
		F801E4281D55B3FE004ED6D2 /* LaunchScreen.storyboard in Resources */ = {isa = PBXBuildFile; fileRef = F801E4261D55B3FE004ED6D2 /* LaunchScreen.storyboard */; };
/* End PBXBuildFile section */

/* Begin PBXFileReference section */
		F801E41A1D55B3FE004ED6D2 /* helloworld2.app */ = {isa = PBXFileReference; explicitFileType = wrapper.application; includeInIndex = 0; path = helloworld2.app; sourceTree = BUILT_PRODUCTS_DIR; };
		F801E41D1D55B3FE004ED6D2 /* AppDelegate.swift */ = {isa = PBXFileReference; lastKnownFileType = sourcecode.swift; path = AppDelegate.swift; sourceTree = "<group>"; };
		F801E41F1D55B3FE004ED6D2 /* ViewController.swift */ = {isa = PBXFileReference; lastKnownFileType = sourcecode.swift; path = ViewController.swift; sourceTree = "<group>"; };
		F801E4221D55B3FE004ED6D2 /* Base */ = {isa = PBXFileReference; lastKnownFileType = file.storyboard; name = Base; path = Base.lproj/Main.storyboard; sourceTree = "<group>"; };
		F801E4241D55B3FE004ED6D2 /* Assets.xcassets */ = {isa = PBXFileReference; lastKnownFileType = folder.assetcatalog; path = Assets.xcassets; sourceTree = "<group>"; };
		F801E4271D55B3FE004ED6D2 /* Base */ = {isa = PBXFileReference; lastKnownFileType = file.storyboard; name = Base; path = Base.lproj/LaunchScreen.storyboard; sourceTree = "<group>"; };
		F801E4291D55B3FE004ED6D2 /* Info.plist */ = {isa = PBXFileReference; lastKnownFileType = text.plist.xml; path = Info.plist; sourceTree = "<group>"; };
/* End PBXFileReference section */

/* Begin PBXFrameworksBuildPhase section */
		F801E4171D55B3FE004ED6D2 /* Frameworks */ = {
			isa = PBXFrameworksBuildPhase;
			buildActionMask = 2147483647;
			files = (
			);
			runOnlyForDeploymentPostprocessing = 0;
		};
/* End PBXFrameworksBuildPhase section */

/* Begin PBXGroup section */
		F801E4111D55B3FE004ED6D2 = {
			isa = PBXGroup;
			children = (
				F801E41C1D55B3FE004ED6D2 /* helloworld2 */,
				F801E41B1D55B3FE004ED6D2 /* Products */,
			);
			sourceTree = "<group>";
		};
		F801E41B1D55B3FE004ED6D2 /* Products */ = {
			isa = PBXGroup;
			children = (
				F801E41A1D55B3FE004ED6D2 /* helloworld2.app */,
			);
			name = Products;
			sourceTree = "<group>";
		};
		F801E41C1D55B3FE004ED6D2 /* helloworld2 */ = {
			isa = PBXGroup;
			children = (
				F801E41D1D55B3FE004ED6D2 /* AppDelegate.swift */,
				F801E41F1D55B3FE004ED6D2 /* ViewController.swift */,
				F801E4211D55B3FE004ED6D2 /* Main.storyboard */,
				F801E4241D55B3FE004ED6D2 /* Assets.xcassets */,
				F801E4261D55B3FE004ED6D2 /* LaunchScreen.storyboard */,
				F801E4291D55B3FE004ED6D2 /* Info.plist */,
			);
			path = helloworld2;
			sourceTree = "<group>";
		};
/* End PBXGroup section */

/* Begin PBXNativeTarget section */
		F801E4191D55B3FE004ED6D2 /* helloworld2 */ = {
			isa = PBXNativeTarget;
			buildConfigurationList = F801E42C1D55B3FE004ED6D2 /* Build configuration list for PBXNativeTarget "helloworld2" */;
			buildPhases = (
				F801E4161D55B3FE004ED6D2 /* Sources */,
				F801E4171D55B3FE004ED6D2 /* Frameworks */,
				F801E4181D55B3FE004ED6D2 /* Resources */,
			);
			buildRules = (
			);
			dependencies = (
			);
			name = helloworld2;
			productName = helloworld2;
			productReference = F801E41A1D55B3FE004ED6D2 /* helloworld2.app */;
			productType = "com.apple.product-type.application";
		};
/* End PBXNativeTarget section */

/* Begin PBXProject section */
		F801E4121D55B3FE004ED6D2 /* Project object */ = {
			isa = PBXProject;
			attributes = {
				LastSwiftUpdateCheck = 0730;
				LastUpgradeCheck = 0730;
				ORGANIZATIONNAME = akihiro.ito;
				TargetAttributes = {
					F801E4191D55B3FE004ED6D2 = {
						CreatedOnToolsVersion = 7.3.1;
					};
				};
			};
			buildConfigurationList = F801E4151D55B3FE004ED6D2 /* Build configuration list for PBXProject "helloworld2" */;
			compatibilityVersion = "Xcode 3.2";
			developmentRegion = English;
			hasScannedForEncodings = 0;
			knownRegions = (
				en,
				Base,
			);
			mainGroup = F801E4111D55B3FE004ED6D2;
			productRefGroup = F801E41B1D55B3FE004ED6D2 /* Products */;
			projectDirPath = "";
			projectRoot = "";
			targets = (
				F801E4191D55B3FE004ED6D2 /* helloworld2 */,
			);
		};
/* End PBXProject section */

/* Begin PBXResourcesBuildPhase section */
		F801E4181D55B3FE004ED6D2 /* Resources */ = {
			isa = PBXResourcesBuildPhase;
			buildActionMask = 2147483647;
			files = (
				F801E4281D55B3FE004ED6D2 /* LaunchScreen.storyboard in Resources */,
				F801E4251D55B3FE004ED6D2 /* Assets.xcassets in Resources */,
				F801E4231D55B3FE004ED6D2 /* Main.storyboard in Resources */,
			);
			runOnlyForDeploymentPostprocessing = 0;
		};
/* End PBXResourcesBuildPhase section */

/* Begin PBXSourcesBuildPhase section */
		F801E4161D55B3FE004ED6D2 /* Sources */ = {
			isa = PBXSourcesBuildPhase;
			buildActionMask = 2147483647;
			files = (
				F801E4201D55B3FE004ED6D2 /* ViewController.swift in Sources */,
				F801E41E1D55B3FE004ED6D2 /* AppDelegate.swift in Sources */,
			);
			runOnlyForDeploymentPostprocessing = 0;
		};
/* End PBXSourcesBuildPhase section */

/* Begin PBXVariantGroup section */
		F801E4211D55B3FE004ED6D2 /* Main.storyboard */ = {
			isa = PBXVariantGroup;
			children = (
				F801E4221D55B3FE004ED6D2 /* Base */,
			);
			name = Main.storyboard;
			sourceTree = "<group>";
		};
		F801E4261D55B3FE004ED6D2 /* LaunchScreen.storyboard */ = {
			isa = PBXVariantGroup;
			children = (
				F801E4271D55B3FE004ED6D2 /* Base */,
			);
			name = LaunchScreen.storyboard;
			sourceTree = "<group>";
		};
/* End PBXVariantGroup section */

/* Begin XCBuildConfiguration section */
		F801E42A1D55B3FE004ED6D2 /* Debug */ = {
			isa = XCBuildConfiguration;
			buildSettings = {
				ALWAYS_SEARCH_USER_PATHS = NO;
				CLANG_ANALYZER_NONNULL = YES;
				CLANG_CXX_LANGUAGE_STANDARD = "gnu++0x";
				CLANG_CXX_LIBRARY = "libc++";
				CLANG_ENABLE_MODULES = YES;
				CLANG_ENABLE_OBJC_ARC = YES;
				CLANG_WARN_BOOL_CONVERSION = YES;
				CLANG_WARN_CONSTANT_CONVERSION = YES;
				CLANG_WARN_DIRECT_OBJC_ISA_USAGE = YES_ERROR;
				CLANG_WARN_EMPTY_BODY = YES;
				CLANG_WARN_ENUM_CONVERSION = YES;
				CLANG_WARN_INT_CONVERSION = YES;
				CLANG_WARN_OBJC_ROOT_CLASS = YES_ERROR;
				CLANG_WARN_UNREACHABLE_CODE = YES;
				CLANG_WARN__DUPLICATE_METHOD_MATCH = YES;
				"CODE_SIGN_IDENTITY[sdk=iphoneos*]" = "iPhone Developer";
				COPY_PHASE_STRIP = NO;
				DEBUG_INFORMATION_FORMAT = dwarf;
				ENABLE_STRICT_OBJC_MSGSEND = YES;
				ENABLE_TESTABILITY = YES;
				GCC_C_LANGUAGE_STANDARD = gnu99;
				GCC_DYNAMIC_NO_PIC = NO;
				GCC_NO_COMMON_BLOCKS = YES;
				GCC_OPTIMIZATION_LEVEL = 0;
				GCC_PREPROCESSOR_DEFINITIONS = (
					"DEBUG=1",
					"$(inherited)",
				);
				GCC_WARN_64_TO_32_BIT_CONVERSION = YES;
				GCC_WARN_ABOUT_RETURN_TYPE = YES_ERROR;
				GCC_WARN_UNDECLARED_SELECTOR = YES;
				GCC_WARN_UNINITIALIZED_AUTOS = YES_AGGRESSIVE;
				GCC_WARN_UNUSED_FUNCTION = YES;
				GCC_WARN_UNUSED_VARIABLE = YES;
				IPHONEOS_DEPLOYMENT_TARGET = 9.3;
				MTL_ENABLE_DEBUG_INFO = YES;
				ONLY_ACTIVE_ARCH = YES;
				SDKROOT = iphoneos;
				SWIFT_OPTIMIZATION_LEVEL = "-Onone";
			};
			name = Debug;
		};
		F801E42B1D55B3FE004ED6D2 /* Release */ = {
			isa = XCBuildConfiguration;
			buildSettings = {
				ALWAYS_SEARCH_USER_PATHS = NO;
				CLANG_ANALYZER_NONNULL = YES;
				CLANG_CXX_LANGUAGE_STANDARD = "gnu++0x";
				CLANG_CXX_LIBRARY = "libc++";
				CLANG_ENABLE_MODULES = YES;
				CLANG_ENABLE_OBJC_ARC = YES;
				CLANG_WARN_BOOL_CONVERSION = YES;
				CLANG_WARN_CONSTANT_CONVERSION = YES;
				CLANG_WARN_DIRECT_OBJC_ISA_USAGE = YES_ERROR;
				CLANG_WARN_EMPTY_BODY = YES;
				CLANG_WARN_ENUM_CONVERSION = YES;
				CLANG_WARN_INT_CONVERSION = YES;
				CLANG_WARN_OBJC_ROOT_CLASS = YES_ERROR;
				CLANG_WARN_UNREACHABLE_CODE = YES;
				CLANG_WARN__DUPLICATE_METHOD_MATCH = YES;
				"CODE_SIGN_IDENTITY[sdk=iphoneos*]" = "iPhone Developer";
				COPY_PHASE_STRIP = NO;
				DEBUG_INFORMATION_FORMAT = "dwarf-with-dsym";
				ENABLE_NS_ASSERTIONS = NO;
				ENABLE_STRICT_OBJC_MSGSEND = YES;
				GCC_C_LANGUAGE_STANDARD = gnu99;
				GCC_NO_COMMON_BLOCKS = YES;
				GCC_WARN_64_TO_32_BIT_CONVERSION = YES;
				GCC_WARN_ABOUT_RETURN_TYPE = YES_ERROR;
				GCC_WARN_UNDECLARED_SELECTOR = YES;
				GCC_WARN_UNINITIALIZED_AUTOS = YES_AGGRESSIVE;
				GCC_WARN_UNUSED_FUNCTION = YES;
				GCC_WARN_UNUSED_VARIABLE = YES;
				IPHONEOS_DEPLOYMENT_TARGET = 9.3;
				MTL_ENABLE_DEBUG_INFO = NO;
				SDKROOT = iphoneos;
				VALIDATE_PRODUCT = YES;
			};
			name = Release;
		};
		F801E42D1D55B3FE004ED6D2 /* Debug */ = {
			isa = XCBuildConfiguration;
			buildSettings = {
				ASSETCATALOG_COMPILER_APPICON_NAME = AppIcon;
				INFOPLIST_FILE = helloworld2/Info.plist;
				LD_RUNPATH_SEARCH_PATHS = "$(inherited) @executable_path/Frameworks";
				PRODUCT_BUNDLE_IDENTIFIER = jp.techacademy.akihiro.ito.helloworld2;
				PRODUCT_NAME = "$(TARGET_NAME)";
			};
			name = Debug;
		};
		F801E42E1D55B3FE004ED6D2 /* Release */ = {
			isa = XCBuildConfiguration;
			buildSettings = {
				ASSETCATALOG_COMPILER_APPICON_NAME = AppIcon;
				INFOPLIST_FILE = helloworld2/Info.plist;
				LD_RUNPATH_SEARCH_PATHS = "$(inherited) @executable_path/Frameworks";
				PRODUCT_BUNDLE_IDENTIFIER = jp.techacademy.akihiro.ito.helloworld2;
				PRODUCT_NAME = "$(TARGET_NAME)";
			};
			name = Release;
		};
/* End XCBuildConfiguration section */

/* Begin XCConfigurationList section */
		F801E4151D55B3FE004ED6D2 /* Build configuration list for PBXProject "helloworld2" */ = {
			isa = XCConfigurationList;
			buildConfigurations = (
				F801E42A1D55B3FE004ED6D2 /* Debug */,
				F801E42B1D55B3FE004ED6D2 /* Release */,
			);
			defaultConfigurationIsVisible = 0;
			defaultConfigurationName = Release;
		};
		F801E42C1D55B3FE004ED6D2 /* Build configuration list for PBXNativeTarget "helloworld2" */ = {
			isa = XCConfigurationList;
			buildConfigurations = (
				F801E42D1D55B3FE004ED6D2 /* Debug */,
				F801E42E1D55B3FE004ED6D2 /* Release */,
			);
			defaultConfigurationIsVisible = 0;
		};
/* End XCConfigurationList section */
	};
	rootObject = F801E4121D55B3FE004ED6D2 /* Project object */;
}
